{
  "version": "5",
  "specifiers": {
    "jsr:@standard-schema/spec@1.1.0": "1.1.0",
    "jsr:@std/assert@1.0.19": "1.0.19",
    "jsr:@std/internal@^1.0.12": "1.0.13",
    "jsr:@std/semver@1.0.8": "1.0.8",
    "npm:@ark/attest@0.56.0": "0.56.0_typescript@6.0.3",
    "npm:@effect/cli@0.75.2": "0.75.2_@effect+platform@0.96.2__effect@3.21.4_effect@3.21.4",
    "npm:@effect/cli@~0.75.2": "0.75.2_@effect+platform@0.96.2__effect@3.21.4_effect@3.21.4",
    "npm:@effect/platform-node@0.107": "0.107.0_@effect+cluster@0.59.0__@effect+platform@0.96.2___effect@3.21.4__@effect+rpc@0.75.1___@effect+platform@0.96.2____effect@3.21.4___effect@3.21.4__@effect+sql@0.51.1___@effect+experimental@0.60.0____@effect+platform@0.96.2_____effect@3.21.4____effect@3.21.4___@effect+platform@0.96.2____effect@3.21.4___effect@3.21.4__@effect+workflow@0.18.2___@effect+experimental@0.60.0____@effect+platform@0.96.2_____effect@3.21.4____effect@3.21.4___@effect+platform@0.96.2____effect@3.21.4___@effect+rpc@0.75.1____@effect+platform@0.96.2_____effect@3.21.4____effect@3.21.4___effect@3.21.4__effect@3.21.4__@effect+experimental@0.60.0___@effect+platform@0.96.2____effect@3.21.4___effect@3.21.4_@effect+platform@0.96.2__effect@3.21.4_@effect+rpc@0.75.1__@effect+platform@0.96.2___effect@3.21.4__effect@3.21.4_@effect+sql@0.51.1__@effect+experimental@0.60.0___@effect+platform@0.96.2____effect@3.21.4___effect@3.21.4__@effect+platform@0.96.2___effect@3.21.4__effect@3.21.4_effect@3.21.4_@effect+experimental@0.60.0__@effect+platform@0.96.2___effect@3.21.4__effect@3.21.4_@effect+workflow@0.18.2__@effect+experimental@0.60.0___@effect+platform@0.96.2____effect@3.21.4___effect@3.21.4__@effect+platform@0.96.2___effect@3.21.4__@effect+rpc@0.75.1___@effect+platform@0.96.2____effect@3.21.4___effect@3.21.4__effect@3.21.4",
    "npm:@effect/platform-node@0.107.0": "0.107.0_@effect+cluster@0.59.0__@effect+platform@0.96.2___effect@3.21.4__@effect+rpc@0.75.1___@effect+platform@0.96.2____effect@3.21.4___effect@3.21.4__@effect+sql@0.51.1___@effect+experimental@0.60.0____@effect+platform@0.96.2_____effect@3.21.4____effect@3.21.4___@effect+platform@0.96.2____effect@3.21.4___effect@3.21.4__@effect+workflow@0.18.2___@effect+experimental@0.60.0____@effect+platform@0.96.2_____effect@3.21.4____effect@3.21.4___@effect+platform@0.96.2____effect@3.21.4___@effect+rpc@0.75.1____@effect+platform@0.96.2_____effect@3.21.4____effect@3.21.4___effect@3.21.4__effect@3.21.4__@effect+experimental@0.60.0___@effect+platform@0.96.2____effect@3.21.4___effect@3.21.4_@effect+platform@0.96.2__effect@3.21.4_@effect+rpc@0.75.1__@effect+platform@0.96.2___effect@3.21.4__effect@3.21.4_@effect+sql@0.51.1__@effect+experimental@0.60.0___@effect+platform@0.96.2____effect@3.21.4___effect@3.21.4__@effect+platform@0.96.2___effect@3.21.4__effect@3.21.4_effect@3.21.4_@effect+experimental@0.60.0__@effect+platform@0.96.2___effect@3.21.4__effect@3.21.4_@effect+workflow@0.18.2__@effect+experimental@0.60.0___@effect+platform@0.96.2____effect@3.21.4___effect@3.21.4__@effect+platform@0.96.2___effect@3.21.4__@effect+rpc@0.75.1___@effect+platform@0.96.2____effect@3.21.4___effect@3.21.4__effect@3.21.4",
    "npm:effect@3.21.4": "3.21.4",
    "npm:fast-check@3.23.2": "3.23.2",
    "npm:typescript@6.0.3": "6.0.3"
  },
  "jsr": {
    "@standard-schema/spec@1.1.0": {
      "integrity": "2ccd54513cd9c960bd155ab569b1a901bc99c6f9ad29559d3f38a28c91c1822d"
    },
    "@std/assert@1.0.19": {
      "integrity": "eaada96ee120cb980bc47e040f82814d786fe8162ecc53c91d8df60b8755991e",
      "dependencies": [
        "jsr:@std/internal"
      ]
    },
    "@std/internal@1.0.13": {
      "integrity": "2f9546691d4ac2d32859c82dff284aaeac980ddeca38430d07941e7e288725c0"
    },
    "@std/semver@1.0.8": {
      "integrity": "dc830e8b8b6a380c895d53fbfd1258dc253704ca57bbe1629ac65fd7830179b7"
    }
  },
  "npm": {
    "@ark/attest@0.56.0_typescript@6.0.3": {
      "integrity": "sha512-Pngs8f1UJiWbeO8LKVdyBL0K3rT/PDVACR7TPyCEULNcN8V1rVec6dKvUnQVpQSj60p4ejlK6dKs+fQoqdUMqA==",
      "dependencies": [
        "@ark/fs",
        "@ark/util",
        "@prettier/sync",
        "@typescript/analyze-trace",
        "@typescript/vfs",
        "arktype",
        "prettier",
        "typescript"
      ],
      "bin": true
    },
    "@ark/fs@0.56.0": {
      "integrity": "sha512-zY/wDDhcvmt6/upQwZM766PAnvIzdEMcgydUGd9pqY9FMGNo9I9uE4RYAfms9AeUUtbZJu2h2Ua0tvFsO5XF4Q=="
    },
    "@ark/schema@0.56.0": {
      "integrity": "sha512-ECg3hox/6Z/nLajxXqNhgPtNdHWC9zNsDyskwO28WinoFEnWow4IsERNz9AnXRhTZJnYIlAJ4uGn3nlLk65vZA==",
      "dependencies": [
        "@ark/util"
      ]
    },
    "@ark/util@0.56.0": {
      "integrity": "sha512-BghfRC8b9pNs3vBoDJhcta0/c1J1rsoS1+HgVUreMFPdhz/CRAKReAu57YEllNaSy98rWAdY1gE+gFup7OXpgA=="
    },
    "@effect/cli@0.75.2_@effect+platform@0.96.2__effect@3.21.4_effect@3.21.4": {
      "integrity": "sha512-+cMn/ZtFB+jEvgB6phrTT6XyPkIUnmX4G0nUSln7yj3lwyiHQ578Iwr8nHeU1CKEtlh4Xt+mYc0yiT912xu7YA==",
      "dependencies": [
        "@effect/platform",
        "@effect/printer",
        "@effect/printer-ansi",
        "effect",
        "ini",
        "toml",
        "yaml"
      ]
    },
    "@effect/cluster@0.59.0_@effect+platform@0.96.2__effect@3.21.4_@effect+rpc@0.75.1__@effect+platform@0.96.2___effect@3.21.4__effect@3.21.4_@effect+sql@0.51.1__@effect+experimental@0.60.0___@effect+platform@0.96.2____effect@3.21.4___effect@3.21.4__@effect+platform@0.96.2___effect@3.21.4__effect@3.21.4_@effect+workflow@0.18.2__@effect+experimental@0.60.0___@effect+platform@0.96.2____effect@3.21.4___effect@3.21.4__@effect+platform@0.96.2___effect@3.21.4__@effect+rpc@0.75.1___@effect+platform@0.96.2____effect@3.21.4___effect@3.21.4__effect@3.21.4_effect@3.21.4_@effect+experimental@0.60.0__@effect+platform@0.96.2___effect@3.21.4__effect@3.21.4": {
      "integrity": "sha512-rxtJ0zlcdDDtn9wau0z/PFfwPP2FsYPB2/tSK4tT8DkTYQmACJ5AwRwZm3Ea83iL/gv3df63lRe94oMiS8bFfg==",
      "dependencies": [
        "@effect/platform",
        "@effect/rpc",
        "@effect/sql",
        "@effect/workflow",
        "effect",
        "kubernetes-types"
      ]
    },
    "@effect/experimental@0.60.0_@effect+platform@0.96.2__effect@3.21.4_effect@3.21.4": {
      "integrity": "sha512-i5zIg7Xup2KgHyqHlYtkgqSE1bNzCL0GbbTQxrpIzKF0q/ebknOk/ox8B/gIq2vImjoEE81h/oxU+6i1NH210g==",
      "dependencies": [
        "@effect/platform",
        "effect",
        "uuid"
      ]
    },
    "@effect/platform-node-shared@0.60.0_@effect+cluster@0.59.0__@effect+platform@0.96.2___effect@3.21.4__@effect+rpc@0.75.1___@effect+platform@0.96.2____effect@3.21.4___effect@3.21.4__@effect+sql@0.51.1___@effect+experimental@0.60.0____@effect+platform@0.96.2_____effect@3.21.4____effect@3.21.4___@effect+platform@0.96.2____effect@3.21.4___effect@3.21.4__@effect+workflow@0.18.2___@effect+experimental@0.60.0____@effect+platform@0.96.2_____effect@3.21.4____effect@3.21.4___@effect+platform@0.96.2____effect@3.21.4___@effect+rpc@0.75.1____@effect+platform@0.96.2_____effect@3.21.4____effect@3.21.4___effect@3.21.4__effect@3.21.4__@effect+experimental@0.60.0___@effect+platform@0.96.2____effect@3.21.4___effect@3.21.4_@effect+platform@0.96.2__effect@3.21.4_@effect+rpc@0.75.1__@effect+platform@0.96.2___effect@3.21.4__effect@3.21.4_@effect+sql@0.51.1__@effect+experimental@0.60.0___@effect+platform@0.96.2____effect@3.21.4___effect@3.21.4__@effect+platform@0.96.2___effect@3.21.4__effect@3.21.4_effect@3.21.4_@effect+experimental@0.60.0__@effect+platform@0.96.2___effect@3.21.4__effect@3.21.4_@effect+workflow@0.18.2__@effect+experimental@0.60.0___@effect+platform@0.96.2____effect@3.21.4___effect@3.21.4__@effect+platform@0.96.2___effect@3.21.4__@effect+rpc@0.75.1___@effect+platform@0.96.2____effect@3.21.4___effect@3.21.4__effect@3.21.4": {
      "integrity": "sha512-obT8Mau/guSYjehF9pg09FHM/ERXAAVBl/FXRXEyvTc7ZiDGTYnPBihytGNccsfNsgqBdvCE24sflwK6j5nFXA==",
      "dependencies": [
        "@effect/cluster",
        "@effect/platform",
        "@effect/rpc",
        "@effect/sql",
        "@parcel/watcher",
        "effect",
        "multipasta",
        "ws"
      ]
    },
    "@effect/platform-node@0.107.0_@effect+cluster@0.59.0__@effect+platform@0.96.2___effect@3.21.4__@effect+rpc@0.75.1___@effect+platform@0.96.2____effect@3.21.4___effect@3.21.4__@effect+sql@0.51.1___@effect+experimental@0.60.0____@effect+platform@0.96.2_____effect@3.21.4____effect@3.21.4___@effect+platform@0.96.2____effect@3.21.4___effect@3.21.4__@effect+workflow@0.18.2___@effect+experimental@0.60.0____@effect+platform@0.96.2_____effect@3.21.4____effect@3.21.4___@effect+platform@0.96.2____effect@3.21.4___@effect+rpc@0.75.1____@effect+platform@0.96.2_____effect@3.21.4____effect@3.21.4___effect@3.21.4__effect@3.21.4__@effect+experimental@0.60.0___@effect+platform@0.96.2____effect@3.21.4___effect@3.21.4_@effect+platform@0.96.2__effect@3.21.4_@effect+rpc@0.75.1__@effect+platform@0.96.2___effect@3.21.4__effect@3.21.4_@effect+sql@0.51.1__@effect+experimental@0.60.0___@effect+platform@0.96.2____effect@3.21.4___effect@3.21.4__@effect+platform@0.96.2___effect@3.21.4__effect@3.21.4_effect@3.21.4_@effect+experimental@0.60.0__@effect+platform@0.96.2___effect@3.21.4__effect@3.21.4_@effect+workflow@0.18.2__@effect+experimental@0.60.0___@effect+platform@0.96.2____effect@3.21.4___effect@3.21.4__@effect+platform@0.96.2___effect@3.21.4__@effect+rpc@0.75.1___@effect+platform@0.96.2____effect@3.21.4___effect@3.21.4__effect@3.21.4": {
      "integrity": "sha512-VWUD9SCcnsrXYqED2jIwDHHDGb3QePNsHlX7HfqQGD2/AgnfX9jNnecaFrJj7Rf2gK5VbRE+i/2oNFoC/DkhcA==",
      "dependencies": [
        "@effect/cluster",
        "@effect/platform",
        "@effect/platform-node-shared",
        "@effect/rpc",
        "@effect/sql",
        "effect",
        "mime",
        "undici",
        "ws"
      ]
    },
    "@effect/platform@0.96.2_effect@3.21.4": {
      "integrity": "sha512-oJm3UztdzZvK7BXkFSV3IdyGuqQrhLmViG/hMDZh99ski7aADesNuv19z4R0heH3bAXnSt/Nb8O9KJQ886C0Tg==",
      "dependencies": [
        "effect",
        "find-my-way-ts",
        "msgpackr",
        "multipasta"
      ]
    },
    "@effect/printer-ansi@0.49.0_effect@3.21.4": {
      "integrity": "sha512-N2OyqDTqcGLKeUy2URowThoU5issZQwG/Ihv5qOYWJD0neq9qBIgC57/9BkFpTRPNSMtPHyCOk1TFj297HGLLQ==",
      "dependencies": [
        "@effect/printer",
        "@effect/typeclass",
        "effect"
      ]
    },
    "@effect/printer@0.49.0_effect@3.21.4": {
      "integrity": "sha512-hrjTuExF87wuWjOnnND1c2fKcCWhleQBVaoA7JlrU3rC7s+RYPETDOXtpgAK3/uuMCRnDhfVFQMevtKT8MBdKg==",
      "dependencies": [
        "@effect/typeclass",
        "effect"
      ]
    },
    "@effect/rpc@0.75.1_@effect+platform@0.96.2__effect@3.21.4_effect@3.21.4": {
      "integrity": "sha512-8yxF8+mMGGEbF8BUCp34HjdJj7CvTpGeZxBcpsDF6v7zPiGbJL1UDLzA8ZqYjmcngBHhPecbmeONTk/LiLAaEg==",
      "dependencies": [
        "@effect/platform",
        "effect",
        "msgpackr"
      ]
    },
    "@effect/sql@0.51.1_@effect+experimental@0.60.0__@effect+platform@0.96.2___effect@3.21.4__effect@3.21.4_@effect+platform@0.96.2__effect@3.21.4_effect@3.21.4": {
      "integrity": "sha512-iPDAefrJcI0HcTk9keP9Gq8Pg08K1HmpnmZZt85AqyTcvorhoNsXDFiKBbPldfV2CortwVkacX8KjO9GPpSYCA==",
      "dependencies": [
        "@effect/experimental",
        "@effect/platform",
        "effect",
        "uuid"
      ]
    },
    "@effect/typeclass@0.40.0_effect@3.21.4": {
      "integrity": "sha512-L/2o2ImeqbemFlqH0b3y2PqQTFc+E0/DUnffCU8bkJUGh0yUZmh2RXuXhR8QOpfNCe718JQjI+mLnpVF2MMmaQ==",
      "dependencies": [
        "effect"
      ]
    },
    "@effect/workflow@0.18.2_@effect+experimental@0.60.0__@effect+platform@0.96.2___effect@3.21.4__effect@3.21.4_@effect+platform@0.96.2__effect@3.21.4_@effect+rpc@0.75.1__@effect+platform@0.96.2___effect@3.21.4__effect@3.21.4_effect@3.21.4": {
      "integrity": "sha512-2av0TexhxHnapQa3eLn6TkniokUFRZKf8dlWlLqbODMpXAJ3mm+DOHWM0ozMGkg9K/+zGCtiL3dMqJyJ8r7G8g==",
      "dependencies": [
        "@effect/experimental",
        "@effect/platform",
        "@effect/rpc",
        "effect"
      ]
    },
    "@msgpackr-extract/msgpackr-extract-darwin-arm64@3.0.4": {
      "integrity": "sha512-LCkGo6JDfaBhgST7UpPWgNgLINpcpabaHfyz5OBx75nUYxBsaEPxjnyNjWpeb/xBup/682QnBfRBy2/LvPutZQ==",
      "os": ["darwin"],
      "cpu": ["arm64"]
    },
    "@msgpackr-extract/msgpackr-extract-darwin-x64@3.0.4": {
      "integrity": "sha512-zExlW9zUJKZH/tOtVMttwjKa4Xm/3KcNjnE3dPN92uCktwavMxpgCA3MoJK/DOnTWsQgo224OaST27/mPNAf+w==",
      "os": ["darwin"],
      "cpu": ["x64"]
    },
    "@msgpackr-extract/msgpackr-extract-linux-arm64@3.0.4": {
      "integrity": "sha512-dgX0P/9wGPJeHFBG+ZmhgE6bmtMt7NP5CRBGyyktpopdk/mW4POnrpQsSLtKI1dwpc+pPLuXHDh6vvskyQE/sw==",
      "os": ["linux"],
      "cpu": ["arm64"]
    },
    "@msgpackr-extract/msgpackr-extract-linux-arm@3.0.4": {
      "integrity": "sha512-Tg3yX65f5GbtXLkrYEHE5oibZG9epyYWas7FogTTEJeDEF9JlXJzKgXaNhT3UXlTOeA+AfZpYZYZ0uPj7Cfquw==",
      "os": ["linux"],
      "cpu": ["arm"]
    },
    "@msgpackr-extract/msgpackr-extract-linux-x64@3.0.4": {
      "integrity": "sha512-8TNXMEjJc3QEy7R/x1INhgiU+XakDAFUzBhaz7+Rbrs8NH5UQeHQxxmzsSBJGyV6I1jW79undiQm8tOI+D+8FQ==",
      "os": ["linux"],
      "cpu": ["x64"]
    },
    "@msgpackr-extract/msgpackr-extract-win32-x64@3.0.4": {
      "integrity": "sha512-CmCXPQrkbwExx3j946/PtHWHbYJiCRBRDl4BlkRQcJB/YOwQxJRTpoo7aTsortjgoJ1x7opzTSxn7C+ASSLVjQ==",
      "os": ["win32"],
      "cpu": ["x64"]
    },
    "@parcel/watcher-android-arm64@2.5.6": {
      "integrity": "sha512-YQxSS34tPF/6ZG7r/Ih9xy+kP/WwediEUsqmtf0cuCV5TPPKw/PQHRhueUo6JdeFJaqV3pyjm0GdYjZotbRt/A==",
      "os": ["android"],
      "cpu": ["arm64"]
    },
    "@parcel/watcher-darwin-arm64@2.5.6": {
      "integrity": "sha512-Z2ZdrnwyXvvvdtRHLmM4knydIdU9adO3D4n/0cVipF3rRiwP+3/sfzpAwA/qKFL6i1ModaabkU7IbpeMBgiVEA==",
      "os": ["darwin"],
      "cpu": ["arm64"]
    },
    "@parcel/watcher-darwin-x64@2.5.6": {
      "integrity": "sha512-HgvOf3W9dhithcwOWX9uDZyn1lW9R+7tPZ4sug+NGrGIo4Rk1hAXLEbcH1TQSqxts0NYXXlOWqVpvS1SFS4fRg==",
      "os": ["darwin"],
      "cpu": ["x64"]
    },
    "@parcel/watcher-freebsd-x64@2.5.6": {
      "integrity": "sha512-vJVi8yd/qzJxEKHkeemh7w3YAn6RJCtYlE4HPMoVnCpIXEzSrxErBW5SJBgKLbXU3WdIpkjBTeUNtyBVn8TRng==",
      "os": ["freebsd"],
      "cpu": ["x64"]
    },
    "@parcel/watcher-linux-arm-glibc@2.5.6": {
      "integrity": "sha512-9JiYfB6h6BgV50CCfasfLf/uvOcJskMSwcdH1PHH9rvS1IrNy8zad6IUVPVUfmXr+u+Km9IxcfMLzgdOudz9EQ==",
      "os": ["linux"],
      "cpu": ["arm"]
    },
    "@parcel/watcher-linux-arm-musl@2.5.6": {
      "integrity": "sha512-Ve3gUCG57nuUUSyjBq/MAM0CzArtuIOxsBdQ+ftz6ho8n7s1i9E1Nmk/xmP323r2YL0SONs1EuwqBp2u1k5fxg==",
      "os": ["linux"],
      "cpu": ["arm"]
    },
    "@parcel/watcher-linux-arm64-glibc@2.5.6": {
      "integrity": "sha512-f2g/DT3NhGPdBmMWYoxixqYr3v/UXcmLOYy16Bx0TM20Tchduwr4EaCbmxh1321TABqPGDpS8D/ggOTaljijOA==",
      "os": ["linux"],
      "cpu": ["arm64"]
    },
    "@parcel/watcher-linux-arm64-musl@2.5.6": {
      "integrity": "sha512-qb6naMDGlbCwdhLj6hgoVKJl2odL34z2sqkC7Z6kzir8b5W65WYDpLB6R06KabvZdgoHI/zxke4b3zR0wAbDTA==",
      "os": ["linux"],
      "cpu": ["arm64"]
    },
    "@parcel/watcher-linux-x64-glibc@2.5.6": {
      "integrity": "sha512-kbT5wvNQlx7NaGjzPFu8nVIW1rWqV780O7ZtkjuWaPUgpv2NMFpjYERVi0UYj1msZNyCzGlaCWEtzc+exjMGbQ==",
      "os": ["linux"],
      "cpu": ["x64"]
    },
    "@parcel/watcher-linux-x64-musl@2.5.6": {
      "integrity": "sha512-1JRFeC+h7RdXwldHzTsmdtYR/Ku8SylLgTU/reMuqdVD7CtLwf0VR1FqeprZ0eHQkO0vqsbvFLXUmYm/uNKJBg==",
      "os": ["linux"],
      "cpu": ["x64"]
    },
    "@parcel/watcher-win32-arm64@2.5.6": {
      "integrity": "sha512-3ukyebjc6eGlw9yRt678DxVF7rjXatWiHvTXqphZLvo7aC5NdEgFufVwjFfY51ijYEWpXbqF5jtrK275z52D4Q==",
      "os": ["win32"],
      "cpu": ["arm64"]
    },
    "@parcel/watcher-win32-ia32@2.5.6": {
      "integrity": "sha512-k35yLp1ZMwwee3Ez/pxBi5cf4AoBKYXj00CZ80jUz5h8prpiaQsiRPKQMxoLstNuqe2vR4RNPEAEcjEFzhEz/g==",
      "os": ["win32"],
      "cpu": ["ia32"]
    },
    "@parcel/watcher-win32-x64@2.5.6": {
      "integrity": "sha512-hbQlYcCq5dlAX9Qx+kFb0FHue6vbjlf0FrNzSKdYK2APUf7tGfGxQCk2ihEREmbR6ZMc0MVAD5RIX/41gpUzTw==",
      "os": ["win32"],
      "cpu": ["x64"]
    },
    "@parcel/watcher@2.5.6": {
      "integrity": "sha512-tmmZ3lQxAe/k/+rNnXQRawJ4NjxO2hqiOLTHvWchtGZULp4RyFeh6aU4XdOYBFe2KE1oShQTv4AblOs2iOrNnQ==",
      "dependencies": [
        "detect-libc",
        "is-glob",
        "node-addon-api",
        "picomatch"
      ],
      "optionalDependencies": [
        "@parcel/watcher-android-arm64",
        "@parcel/watcher-darwin-arm64",
        "@parcel/watcher-darwin-x64",
        "@parcel/watcher-freebsd-x64",
        "@parcel/watcher-linux-arm-glibc",
        "@parcel/watcher-linux-arm-musl",
        "@parcel/watcher-linux-arm64-glibc",
        "@parcel/watcher-linux-arm64-musl",
        "@parcel/watcher-linux-x64-glibc",
        "@parcel/watcher-linux-x64-musl",
        "@parcel/watcher-win32-arm64",
        "@parcel/watcher-win32-ia32",
        "@parcel/watcher-win32-x64"
      ],
      "scripts": true
    },
    "@prettier/sync@0.6.1_prettier@3.6.2": {
      "integrity": "sha512-yF9G8vK/LYUTF3Cijd7VC9La3b20F20/J/fgoR4H0B8JGOWnZVZX6+I6+vODPosjmMcpdlUV+gUqJQZp3kLOcw==",
      "dependencies": [
        "make-synchronized",
        "prettier"
      ]
    },
    "@standard-schema/spec@1.1.0": {
      "integrity": "sha512-l2aFy5jALhniG5HgqrD6jXLi/rUWrKvqN/qJx6yoJsgKhblVd+iqqU4RCXavm/jPityDo5TCvKMnpjKnOriy0w=="
    },
    "@typescript/analyze-trace@0.10.1": {
      "integrity": "sha512-RnlSOPh14QbopGCApgkSx5UBgGda5MX1cHqp2fsqfiDyCwGL/m1jaeB9fzu7didVS81LQqGZZuxFBcg8YU8EVw==",
      "dependencies": [
        "chalk",
        "exit",
        "jsonparse",
        "jsonstream-next",
        "p-limit",
        "split2",
        "treeify",
        "yargs"
      ],
      "bin": true
    },
    "@typescript/vfs@1.6.1_typescript@6.0.3": {
      "integrity": "sha512-JwoxboBh7Oz1v38tPbkrZ62ZXNHAk9bJ7c9x0eI5zBfBnBYGhURdbnh7Z4smN/MV48Y5OCcZb58n972UtbazsA==",
      "dependencies": [
        "debug",
        "typescript"
      ]
    },
    "ansi-regex@5.0.1": {
      "integrity": "sha512-quJQXlTSUGL2LH9SUXo8VwsY4soanhgo6LNSm84E1LBcE8s3O0wpdiRzyR9z/ZZJMlMWv37qOOb9pdJlMUEKFQ=="
    },
    "ansi-styles@4.3.0": {
      "integrity": "sha512-zbB9rCJAT1rbjiVDb2hqKFHNYLxgtk8NURxZ3IZwD3F6NtxbXZQCnnSi1Lkx+IDohdPlFp222wVALIheZJQSEg==",
      "dependencies": [
        "color-convert"
      ]
    },
    "arkregex@0.0.4": {
      "integrity": "sha512-biS/FkvSwQq59TZ453piUp8bxMui11pgOMV9WHAnli1F8o0ayNCZzUwQadL/bGIUic5TkS/QlPcyMuI8ZIwedQ==",
      "dependencies": [
        "@ark/util"
      ]
    },
    "arktype@2.1.28": {
      "integrity": "sha512-LVZqXl2zWRpNFnbITrtFmqeqNkPPo+KemuzbGSY6jvJwCb4v8NsDzrWOLHnQgWl26TkJeWWcUNUeBpq2Mst1/Q==",
      "dependencies": [
        "@ark/schema",
        "@ark/util",
        "arkregex"
      ]
    },
    "chalk@4.1.2": {
      "integrity": "sha512-oKnbhFyRIXpUuez8iBMmyEa4nbj4IOQyuhc/wy9kY7/WVPcwIO9VA668Pu8RkO7+0G76SLROeyw9CpQ061i4mA==",
      "dependencies": [
        "ansi-styles",
        "supports-color"
      ]
    },
    "cliui@7.0.4": {
      "integrity": "sha512-OcRE68cOsVMXp1Yvonl/fzkQOyjLSu/8bhPDfQt0e0/Eb283TKP20Fs2MqoPsr9SwA595rRCA+QMzYc9nBP+JQ==",
      "dependencies": [
        "string-width",
        "strip-ansi",
        "wrap-ansi"
      ]
    },
    "color-convert@2.0.1": {
      "integrity": "sha512-RRECPsj7iu/xb5oKYcsFHSppFNnsj/52OVTRKb4zP5onXwVF3zVmmToNcOfGC+CRDpfK/U584fMg38ZHCaElKQ==",
      "dependencies": [
        "color-name"
      ]
    },
    "color-name@1.1.4": {
      "integrity": "sha512-dOy+3AuW3a2wNbZHIuMZpTcgjGuLU/uBL/ubcZF9OXbDo8ff4O8yVp5Bf0efS8uEoYo5q4Fx7dY9OgQGXgAsQA=="
    },
    "debug@4.4.3": {
      "integrity": "sha512-RGwwWnwQvkVfavKVt22FGLw+xYSdzARwm0ru6DhTVA3umU5hZc28V3kO4stgYryrTlLpuvgI9GiijltAjNbcqA==",
      "dependencies": [
        "ms"
      ]
    },
    "detect-libc@2.1.2": {
      "integrity": "sha512-Btj2BOOO83o3WyH59e8MgXsxEQVcarkUOpEYrubB0urwnN10yQ364rsiByU11nZlqWYZm05i/of7io4mzihBtQ=="
    },
    "effect@3.21.4": {
      "integrity": "sha512-B89v/xSgPbl1J2Ai2u18jxq3odpFauU1rC6/eSs4FeNHi72kwKdJp12VGigvRV2lK+kRnx+OOz41XV8guZd4gQ==",
      "dependencies": [
        "@standard-schema/spec",
        "fast-check"
      ]
    },
    "emoji-regex@8.0.0": {
      "integrity": "sha512-MSjYzcWNOA0ewAHpz0MxpYFvwg6yjy1NG3xteoqz644VCo/RPgnr1/GGt+ic3iJTzQ8Eu3TdM14SawnVUmGE6A=="
    },
    "escalade@3.2.0": {
      "integrity": "sha512-WUj2qlxaQtO4g6Pq5c29GTcWGDyd8itL8zTlipgECz3JesAiiOKotd8JU6otB3PACgG6xkJUyVhboMS+bje/jA=="
    },
    "exit@0.1.2": {
      "integrity": "sha512-Zk/eNKV2zbjpKzrsQ+n1G6poVbErQxJ0LBOJXaKZ1EViLzH+hrLu9cdXI4zw9dBQJslwBEpbQ2P1oS7nDxs6jQ=="
    },
    "fast-check@3.23.2": {
      "integrity": "sha512-h5+1OzzfCC3Ef7VbtKdcv7zsstUQwUDlYpUTvjeUsJAssPgLn7QzbboPtL5ro04Mq0rPOsMzl7q5hIbRs2wD1A==",
      "dependencies": [
        "pure-rand"
      ]
    },
    "find-my-way-ts@0.1.6": {
      "integrity": "sha512-a85L9ZoXtNAey3Y6Z+eBWW658kO/MwR7zIafkIUPUMf3isZG0NCs2pjW2wtjxAKuJPxMAsHUIP4ZPGv0o5gyTA=="
    },
    "get-caller-file@2.0.5": {
      "integrity": "sha512-DyFP3BM/3YHTQOCUL/w0OZHR0lpKeGrxotcHWcqNEdnltqFwXVfhEBQ94eIo34AfQpo0rGki4cyIiftY06h2Fg=="
    },
    "has-flag@4.0.0": {
      "integrity": "sha512-EykJT/Q1KjTWctppgIAgfSO0tKVuZUjhgMr17kqTumMl6Afv3EISleU7qZUzoXDFTAHTDC4NOoG/ZxU3EvlMPQ=="
    },
    "inherits@2.0.4": {
      "integrity": "sha512-k/vGaX4/Yla3WzyMCvTQOXYeIHvqOKtnqBduzTHpzpQZzAskKMhZ2K+EnBiSM9zGSoIFeMpXKxa4dYeZIQqewQ=="
    },
    "ini@4.1.3": {
      "integrity": "sha512-X7rqawQBvfdjS10YU1y1YVreA3SsLrW9dX2CewP2EbBJM4ypVNLDkO5y04gejPwKIY9lR+7r9gn3rFPt/kmWFg=="
    },
    "is-extglob@2.1.1": {
      "integrity": "sha512-SbKbANkN603Vi4jEZv49LeVJMn4yGwsbzZworEoyEiutsN3nJYdbO36zfhGJ6QEDpOZIFkDtnq5JRxmvl3jsoQ=="
    },
    "is-fullwidth-code-point@3.0.0": {
      "integrity": "sha512-zymm5+u+sCsSWyD9qNaejV3DFvhCKclKdizYaJUuHA83RLjb7nSuGnddCHGv0hk+KY7BMAlsWeK4Ueg6EV6XQg=="
    },
    "is-glob@4.0.3": {
      "integrity": "sha512-xelSayHH36ZgE7ZWhli7pW34hNbNl8Ojv5KVmkJD4hBdD3th8Tfk9vYasLM+mXWOZhFkgZfxhLSnrwRr4elSSg==",
      "dependencies": [
        "is-extglob"
      ]
    },
    "jsonparse@1.3.1": {
      "integrity": "sha512-POQXvpdL69+CluYsillJ7SUhKvytYjW9vG/GKpnf+xP8UWgYEM/RaMzHHofbALDiKbbP1W8UEYmgGl39WkPZsg=="
    },
    "jsonstream-next@3.0.0": {
      "integrity": "sha512-aAi6oPhdt7BKyQn1SrIIGZBt0ukKuOUE1qV6kJ3GgioSOYzsRc8z9Hfr1BVmacA/jLe9nARfmgMGgn68BqIAgg==",
      "dependencies": [
        "jsonparse",
        "through2"
      ],
      "bin": true
    },
    "kubernetes-types@1.30.0": {
      "integrity": "sha512-Dew1okvhM/SQcIa2rcgujNndZwU8VnSapDgdxlYoB84ZlpAD43U6KLAFqYo17ykSFGHNPrg0qry0bP+GJd9v7Q=="
    },
    "make-synchronized@0.8.0": {
      "integrity": "sha512-DZu4lwc0ffoFz581BSQa/BJl+1ZqIkoRQ+VejMlH0VrP4E86StAODnZujZ4sepumQj8rcP7wUnUBGM8Gu+zKUA=="
    },
    "mime@3.0.0": {
      "integrity": "sha512-jSCU7/VB1loIWBZe14aEYHU/+1UMEHoaO7qxCOVJOw9GgH72VAWppxNcjU+x9a2k3GSIBXNKxXQFqRvvZ7vr3A==",
      "bin": true
    },
    "ms@2.1.3": {
      "integrity": "sha512-6FlzubTLZG3J2a/NVCAleEhjzq5oxgHyaCU9yYXvcLsvoVaHJq/s5xXI6/XXP6tz7R9xAOtHnSO/tXtF3WRTlA=="
    },
    "msgpackr-extract@3.0.4": {
      "integrity": "sha512-4kmO/MdyUIkLIvTPr8VHLil4AtoKIoniWPIEk5+CDy0xnWC84azhSFmuJ7PxZdsYtiP5kEeQsORAVIeMgxT+Hw==",
      "dependencies": [
        "node-gyp-build-optional-packages"
      ],
      "optionalDependencies": [
        "@msgpackr-extract/msgpackr-extract-darwin-arm64",
        "@msgpackr-extract/msgpackr-extract-darwin-x64",
        "@msgpackr-extract/msgpackr-extract-linux-arm",
        "@msgpackr-extract/msgpackr-extract-linux-arm64",
        "@msgpackr-extract/msgpackr-extract-linux-x64",
        "@msgpackr-extract/msgpackr-extract-win32-x64"
      ],
      "scripts": true,
      "bin": true
    },
    "msgpackr@1.12.1": {
      "integrity": "sha512-4EUH9tQHnMmEgzW/MdAP0KIfa1T9AF+htl0ffe2n5vb2EKn9y2co8ccpgWko6S52Jy1PQZKwRnx5/KkYjtd9MQ==",
      "optionalDependencies": [
        "msgpackr-extract"
      ]
    },
    "multipasta@0.2.7": {
      "integrity": "sha512-KPA58d68KgGil15oDqXjkUBEBYc00XvbPj5/X+dyzeo/lWm9Nc25pQRlf1D+gv4OpK7NM0J1odrbu9JNNGvynA=="
    },
    "node-addon-api@7.1.1": {
      "integrity": "sha512-5m3bsyrjFWE1xf7nz7YXdN4udnVtXK6/Yfgn5qnahL6bCkf2yKt4k3nuTKAtT4r3IG8JNR2ncsIMdZuAzJjHQQ=="
    },
    "node-gyp-build-optional-packages@5.2.2": {
      "integrity": "sha512-s+w+rBWnpTMwSFbaE0UXsRlg7hU4FjekKU4eyAih5T8nJuNZT1nNsskXpxmeqSK9UzkBl6UgRlnKc8hz8IEqOw==",
      "dependencies": [
        "detect-libc"
      ],
      "bin": true
    },
    "p-limit@3.1.0": {
      "integrity": "sha512-TYOanM3wGwNGsZN2cVTYPArw454xnXj5qmWF1bEoAc4+cU/ol7GVh7odevjp1FNHduHc3KZMcFduxU5Xc6uJRQ==",
      "dependencies": [
        "yocto-queue"
      ]
    },
    "picomatch@4.0.4": {
      "integrity": "sha512-QP88BAKvMam/3NxH6vj2o21R6MjxZUAd6nlwAS/pnGvN9IVLocLHxGYIzFhg6fUQ+5th6P4dv4eW9jX3DSIj7A=="
    },
    "prettier@3.6.2": {
      "integrity": "sha512-I7AIg5boAr5R0FFtJ6rCfD+LFsWHp81dolrFD8S79U9tb8Az2nGrJncnMSnys+bpQJfRUzqs9hnA81OAA3hCuQ==",
      "bin": true
    },
    "pure-rand@6.1.0": {
      "integrity": "sha512-bVWawvoZoBYpp6yIoQtQXHZjmz35RSVHnUOTefl8Vcjr8snTPY1wnpSPMWekcFwbxI6gtmT7rSYPFvz71ldiOA=="
    },
    "readable-stream@3.6.2": {
      "integrity": "sha512-9u/sniCrY3D5WdsERHzHE4G2YCXqoG5FTHUiCC4SIbr6XcLZBY05ya9EKjYek9O5xOAwjGq+1JdGBAS7Q9ScoA==",
      "dependencies": [
        "inherits",
        "string_decoder",
        "util-deprecate"
      ]
    },
    "require-directory@2.1.1": {
      "integrity": "sha512-fGxEI7+wsG9xrvdjsrlmL22OMTTiHRwAMroiEeMgq8gzoLC/PQr7RsRDSTLUg/bZAZtF+TVIkHc6/4RIKrui+Q=="
    },
    "safe-buffer@5.2.1": {
      "integrity": "sha512-rp3So07KcdmmKbGvgaNxQSJr7bGVSVk5S9Eq1F+ppbRo70+YeaDxkw5Dd8NPN+GD6bjnYm2VuPuCXmpuYvmCXQ=="
    },
    "split2@3.2.2": {
      "integrity": "sha512-9NThjpgZnifTkJpzTZ7Eue85S49QwpNhZTq6GRJwObb6jnLFNGB7Qm73V5HewTROPyxD0C29xqmaI68bQtV+hg==",
      "dependencies": [
        "readable-stream"
      ]
    },
    "string-width@4.2.3": {
      "integrity": "sha512-wKyQRQpjJ0sIp62ErSZdGsjMJWsap5oRNihHhu6G7JVO/9jIB6UyevL+tXuOqrng8j/cxKTWyWUwvSTriiZz/g==",
      "dependencies": [
        "emoji-regex",
        "is-fullwidth-code-point",
        "strip-ansi"
      ]
    },
    "string_decoder@1.3.0": {
      "integrity": "sha512-hkRX8U1WjJFd8LsDJ2yQ/wWWxaopEsABU1XfkM8A+j0+85JAGppt16cr1Whg6KIbb4okU6Mql6BOj+uup/wKeA==",
      "dependencies": [
        "safe-buffer"
      ]
    },
    "strip-ansi@6.0.1": {
      "integrity": "sha512-Y38VPSHcqkFrCpFnQ9vuSXmquuv5oXOKpGeT6aGrr3o3Gc9AlVa6JBfUSOCnbxGGZF+/0ooI7KrPuUSztUdU5A==",
      "dependencies": [
        "ansi-regex"
      ]
    },
    "supports-color@7.2.0": {
      "integrity": "sha512-qpCAvRl9stuOHveKsn7HncJRvv501qIacKzQlO/+Lwxc9+0q2wLyv4Dfvt80/DPn2pqOBsJdDiogXGR9+OvwRw==",
      "dependencies": [
        "has-flag"
      ]
    },
    "through2@4.0.2": {
      "integrity": "sha512-iOqSav00cVxEEICeD7TjLB1sueEL+81Wpzp2bY17uZjZN0pWZPuo4suZ/61VujxmqSGFfgOcNuTZ85QJwNZQpw==",
      "dependencies": [
        "readable-stream"
      ]
    },
    "toml@3.0.0": {
      "integrity": "sha512-y/mWCZinnvxjTKYhJ+pYxwD0mRLVvOtdS2Awbgxln6iEnt4rk0yBxeSBHkGJcPucRiG0e55mwWp+g/05rsrd6w=="
    },
    "treeify@1.1.0": {
      "integrity": "sha512-1m4RA7xVAJrSGrrXGs0L3YTwyvBs2S8PbRHaLZAkFw7JR8oIFwYtysxlBZhYIa7xSyiYJKZ3iGrrk55cGA3i9A=="
    },
    "typescript@6.0.3": {
      "integrity": "sha512-y2TvuxSZPDyQakkFRPZHKFm+KKVqIisdg9/CZwm9ftvKXLP8NRWj38/ODjNbr43SsoXqNuAisEf1GdCxqWcdBw==",
      "bin": true
    },
    "undici@7.28.0": {
      "integrity": "sha512-cRZYrTDwWznlnRiPjggAGxZXanty6M8RV1ff8Wm4LWXBp7/IG8v5DnOm74DtUBp9OONpK75YlPnIjQqX0dBDtA=="
    },
    "util-deprecate@1.0.2": {
      "integrity": "sha512-EPD5q1uXyFxJpCrLnCc1nHnq3gOa6DZBocAIiI2TaSCA7VCJ1UJDMagCzIkXNsUYfD1daK//LTEQ8xiIbrHtcw=="
    },
    "uuid@11.1.1": {
      "integrity": "sha512-vIYxrBCC/N/K+Js3qSN88go7kIfNPssr/hHCesKCQNAjmgvYS2oqr69kIufEG+O4+PfezOH4EbIeHCfFov8ZgQ==",
      "bin": true
    },
    "wrap-ansi@7.0.0": {
      "integrity": "sha512-YVGIj2kamLSTxw6NsZjoBxfSwsn0ycdesmc4p+Q21c5zPuZ1pl+NfxVdxPtdHvmNVOQ6XSYG4AUtyt/Fi7D16Q==",
      "dependencies": [
        "ansi-styles",
        "string-width",
        "strip-ansi"
      ]
    },
    "ws@8.21.0": {
      "integrity": "sha512-Vsp28b7DRcimFQvrqu2Wek3z1iYxDCWqHYB8Qsnk/S4RfaCQzPGPyBNuVjJV3cd6UiKtUtp6sNM77gWvzcCH+g=="
    },
    "y18n@5.0.8": {
      "integrity": "sha512-0pfFzegeDWJHJIAmTLRP2DwHjdF5s7jo9tuztdQxAhINCdvS+3nGINqPd00AphqJR/0LhANUS6/+7SCb98YOfA=="
    },
    "yaml@2.9.0": {
      "integrity": "sha512-2AvhNX3mb8zd6Zy7INTtSpl1F15HW6Wnqj0srWlkKLcpYl/gMIMJiyuGq2KeI2YFxUPjdlB+3Lc10seMLtL4cA==",
      "bin": true
    },
    "yargs-parser@20.2.9": {
      "integrity": "sha512-y11nGElTIV+CT3Zv9t7VKl+Q3hTQoT9a1Qzezhhl6Rp21gJ/IVTW7Z3y9EWXhuUBC2Shnf+DX0antecpAwSP8w=="
    },
    "yargs@16.2.0": {
      "integrity": "sha512-D1mvvtDG0L5ft/jGWkLpG1+m0eQxOfaBvTNELraWj22wSVUMWxZUvYgJYcKh6jGGIkJFhH4IZPQhR4TKpc8mBw==",
      "dependencies": [
        "cliui",
        "escalade",
        "get-caller-file",
        "require-directory",
        "string-width",
        "y18n",
        "yargs-parser"
      ]
    },
    "yocto-queue@0.1.0": {
      "integrity": "sha512-rVksvsnNCdJ/ohGc6xgPwyN8eheCxsiLM8mxuE/t/mOVqJewPuO1miLpTHQiRgTKCLexL4MeAFVagts7HmNZ2Q=="
    }
  },
  "workspace": {
    "dependencies": [
      "jsr:@standard-schema/spec@1.1.0",
      "jsr:@std/assert@1.0.19",
      "jsr:@std/semver@1.0.8",
      "npm:@ark/attest@0.56.0",
      "npm:@effect/cli@0.75.2",
      "npm:@effect/platform-node@0.107.0",
      "npm:effect@3.21.4",
      "npm:fast-check@3.23.2",
      "npm:typescript@6.0.3"
    ],
    "packageJson": {
      "dependencies": [
        "npm:@effect/cli@~0.75.2",
        "npm:@effect/platform-node@0.107",
        "npm:effect@3.21.4"
      ]
    }
  }
}
